
Microsoft Visual Studio Solution File, Format Version 12.00
# Visual Studio Version 16
VisualStudioVersion = 16.0.32802.440
MinimumVisualStudioVersion = 10.0.40219.1
Project("{FAE04EC0-301F-11D3-BF4B-00C04F79EFBC}") = "FixingTheCase", "FixingTheCase.csproj", "{36F68427-2934-451A-A2F8-85E49273B8BC}"
EndProject
Global
	GlobalSection(SolutionConfigurationPlatforms) = preSolution
		Debug|Any CPU = Debug|Any CPU
		Release|Any CPU = Release|Any CPU
	EndGlobalSection
	GlobalSection(ProjectConfigurationPlatforms) = postSolution
		{36F68427-2934-451A-A2F8-85E49273B8BC}.Debug|Any CPU.ActiveCfg = Debug|Any CPU
		{36F68427-2934-451A-A2F8-85E49273B8BC}.Debug|Any CPU.Build.0 = Debug|Any CPU
		{36F68427-2934-451A-A2F8-85E49273B8BC}.Release|Any CPU.ActiveCfg = Release|Any CPU
		{36F68427-2934-451A-A2F8-85E49273B8BC}.Release|Any CPU.Build.0 = Release|Any CPU
	EndGlobalSection
	GlobalSection(SolutionProperties) = preSolution
		HideSolutionNode = FALSE
	EndGlobalSection
	GlobalSection(ExtensibilityGlobals) = postSolution
		SolutionGuid = {3EDA98E6-1FF5-4F86-B5DC-5B8C60947C99}
	EndGlobalSection
EndGlobal
